// !$*UTF8*$!
{
	archiveVersion = 1;
	classes = {
	};
	objectVersion = 51;
	objects = {

/* Begin PBXBuildFile section */
		47729E0622F447C800B9B36B /* AppDelegate.swift in Sources */ = {isa = PBXBuildFile; fileRef = 47729E0522F447C800B9B36B /* AppDelegate.swift */; };
		47729E0822F447C800B9B36B /* ViewController.swift in Sources */ = {isa = PBXBuildFile; fileRef = 47729E0722F447C800B9B36B /* ViewController.swift */; };
		47729E0B22F447C800B9B36B /* Main.storyboard in Resources */ = {isa = PBXBuildFile; fileRef = 47729E0922F447C800B9B36B /* Main.storyboard */; };
		47729E0D22F447CA00B9B36B /* Assets.xcassets in Resources */ = {isa = PBXBuildFile; fileRef = 47729E0C22F447CA00B9B36B /* Assets.xcassets */; };
		47729E1022F447CA00B9B36B /* LaunchScreen.storyboard in Resources */ = {isa = PBXBuildFile; fileRef = 47729E0E22F447CA00B9B36B /* LaunchScreen.storyboard */; };
		47729E1B22F447CA00B9B36B /* KotlinIOSTests.swift in Sources */ = {isa = PBXBuildFile; fileRef = 47729E1A22F447CA00B9B36B /* KotlinIOSTests.swift */; };
		47729E2622F447CA00B9B36B /* KotlinIOSUITests.swift in Sources */ = {isa = PBXBuildFile; fileRef = 47729E2522F447CA00B9B36B /* KotlinIOSUITests.swift */; };
		60B16CFD1821E46D13681E17 /* afnetworking.def in Resources */ = {isa = PBXBuildFile; fileRef = 60B169B10571AB0099CB99D9 /* afnetworking.def */; };
		60B16DE91C2206077C516458 /* Loged.swift in Sources */ = {isa = PBXBuildFile; fileRef = 60B16F50DAA558CEBCBE2700 /* Loged.swift */; };
		98F404966D1DF383EA2C2CCF /* Pods_KotlinIOSTests.framework in Frameworks */ = {isa = PBXBuildFile; fileRef = CA7F12352A6621CE43B20F98 /* Pods_KotlinIOSTests.framework */; };
		E782DB3231C9C38F30CDFD6C /* Pods_KotlinIOSUITests.framework in Frameworks */ = {isa = PBXBuildFile; fileRef = EA5BEA999689C14F12E18BFD /* Pods_KotlinIOSUITests.framework */; };
		EF6E51F5231985DE002508B5 /* BookVC.swift in Sources */ = {isa = PBXBuildFile; fileRef = EF6E51F4231985DE002508B5 /* BookVC.swift */; };
		EFB1509B2315B647004DEF28 /* ShowTableViewController.swift in Sources */ = {isa = PBXBuildFile; fileRef = EFB1509A2315B647004DEF28 /* ShowTableViewController.swift */; };
		EFB1509E2315B992004DEF28 /* SharedCode.framework in Embed Frameworks */ = {isa = PBXBuildFile; fileRef = EFB1509D2315B992004DEF28 /* SharedCode.framework */; settings = {ATTRIBUTES = (CodeSignOnCopy, RemoveHeadersOnCopy, ); }; };
		EFB150A02316AC03004DEF28 /* EpisodeViewController.swift in Sources */ = {isa = PBXBuildFile; fileRef = EFB1509F2316AC03004DEF28 /* EpisodeViewController.swift */; };
		EFB150A2231709C4004DEF28 /* MusicGameVC.swift in Sources */ = {isa = PBXBuildFile; fileRef = EFB150A1231709C4004DEF28 /* MusicGameVC.swift */; };
		FABCD937F39FB1B8D7F54EE2 /* Pods_KotlinIOS.framework in Frameworks */ = {isa = PBXBuildFile; fileRef = E989411AE0B149B5B01AFEE5 /* Pods_KotlinIOS.framework */; };
/* End PBXBuildFile section */

/* Begin PBXContainerItemProxy section */
		47729E1722F447CA00B9B36B /* PBXContainerItemProxy */ = {
			isa = PBXContainerItemProxy;
			containerPortal = 47729DFA22F447C800B9B36B /* Project object */;
			proxyType = 1;
			remoteGlobalIDString = 47729E0122F447C800B9B36B;
			remoteInfo = KotlinIOS;
		};
		47729E2222F447CA00B9B36B /* PBXContainerItemProxy */ = {
			isa = PBXContainerItemProxy;
			containerPortal = 47729DFA22F447C800B9B36B /* Project object */;
			proxyType = 1;
			remoteGlobalIDString = 47729E0122F447C800B9B36B;
			remoteInfo = KotlinIOS;
		};
/* End PBXContainerItemProxy section */

/* Begin PBXCopyFilesBuildPhase section */
		47729E7022F4806C00B9B36B /* Embed Frameworks */ = {
			isa = PBXCopyFilesBuildPhase;
			buildActionMask = 2147483647;
			dstPath = "";
			dstSubfolderSpec = 10;
			files = (
				EFB1509E2315B992004DEF28 /* SharedCode.framework in Embed Frameworks */,
			);
			name = "Embed Frameworks";
			runOnlyForDeploymentPostprocessing = 0;
		};
/* End PBXCopyFilesBuildPhase section */

/* Begin PBXFileReference section */
		1B30FB163235CEFE3E2F1121 /* Pods-KotlinIOSTests.release.xcconfig */ = {isa = PBXFileReference; includeInIndex = 1; lastKnownFileType = text.xcconfig; name = "Pods-KotlinIOSTests.release.xcconfig"; path = "Pods/Target Support Files/Pods-KotlinIOSTests/Pods-KotlinIOSTests.release.xcconfig"; sourceTree = "<group>"; };
		47729E0222F447C800B9B36B /* KotlinIOS.app */ = {isa = PBXFileReference; explicitFileType = wrapper.application; includeInIndex = 0; path = KotlinIOS.app; sourceTree = BUILT_PRODUCTS_DIR; };
		47729E0522F447C800B9B36B /* AppDelegate.swift */ = {isa = PBXFileReference; lastKnownFileType = sourcecode.swift; path = AppDelegate.swift; sourceTree = "<group>"; };
		47729E0722F447C800B9B36B /* ViewController.swift */ = {isa = PBXFileReference; lastKnownFileType = sourcecode.swift; path = ViewController.swift; sourceTree = "<group>"; };
		47729E0A22F447C800B9B36B /* Base */ = {isa = PBXFileReference; lastKnownFileType = file.storyboard; name = Base; path = Base.lproj/Main.storyboard; sourceTree = "<group>"; };
		47729E0C22F447CA00B9B36B /* Assets.xcassets */ = {isa = PBXFileReference; lastKnownFileType = folder.assetcatalog; path = Assets.xcassets; sourceTree = "<group>"; };
		47729E0F22F447CA00B9B36B /* Base */ = {isa = PBXFileReference; lastKnownFileType = file.storyboard; name = Base; path = Base.lproj/LaunchScreen.storyboard; sourceTree = "<group>"; };
		47729E1122F447CA00B9B36B /* Info.plist */ = {isa = PBXFileReference; lastKnownFileType = text.plist.xml; path = Info.plist; sourceTree = "<group>"; };
		47729E1622F447CA00B9B36B /* KotlinIOSTests.xctest */ = {isa = PBXFileReference; explicitFileType = wrapper.cfbundle; includeInIndex = 0; path = KotlinIOSTests.xctest; sourceTree = BUILT_PRODUCTS_DIR; };
		47729E1A22F447CA00B9B36B /* KotlinIOSTests.swift */ = {isa = PBXFileReference; lastKnownFileType = sourcecode.swift; path = KotlinIOSTests.swift; sourceTree = "<group>"; };
		47729E1C22F447CA00B9B36B /* Info.plist */ = {isa = PBXFileReference; lastKnownFileType = text.plist.xml; path = Info.plist; sourceTree = "<group>"; };
		47729E2122F447CA00B9B36B /* KotlinIOSUITests.xctest */ = {isa = PBXFileReference; explicitFileType = wrapper.cfbundle; includeInIndex = 0; path = KotlinIOSUITests.xctest; sourceTree = BUILT_PRODUCTS_DIR; };
		47729E2522F447CA00B9B36B /* KotlinIOSUITests.swift */ = {isa = PBXFileReference; lastKnownFileType = sourcecode.swift; path = KotlinIOSUITests.swift; sourceTree = "<group>"; };
		47729E2722F447CA00B9B36B /* Info.plist */ = {isa = PBXFileReference; lastKnownFileType = text.plist.xml; path = Info.plist; sourceTree = "<group>"; };
		47729E6D22F4806B00B9B36B /* SharedCode.framework */ = {isa = PBXFileReference; lastKnownFileType = wrapper.framework; name = SharedCode.framework; path = "../../SharedCode/build/xcode-frameworks/SharedCode.framework"; sourceTree = "<group>"; };
		5576E17C8F946CA4EF7EB8F4 /* Pods-KotlinIOS.debug.xcconfig */ = {isa = PBXFileReference; includeInIndex = 1; lastKnownFileType = text.xcconfig; name = "Pods-KotlinIOS.debug.xcconfig"; path = "Pods/Target Support Files/Pods-KotlinIOS/Pods-KotlinIOS.debug.xcconfig"; sourceTree = "<group>"; };
		60B169B10571AB0099CB99D9 /* afnetworking.def */ = {isa = PBXFileReference; lastKnownFileType = file.def; path = afnetworking.def; sourceTree = "<group>"; };
		60B16F50DAA558CEBCBE2700 /* Loged.swift */ = {isa = PBXFileReference; fileEncoding = 4; lastKnownFileType = sourcecode.swift; path = Loged.swift; sourceTree = "<group>"; };
		61B62B0BE98410D9635F8B1D /* Pods-KotlinIOSTests.debug.xcconfig */ = {isa = PBXFileReference; includeInIndex = 1; lastKnownFileType = text.xcconfig; name = "Pods-KotlinIOSTests.debug.xcconfig"; path = "Pods/Target Support Files/Pods-KotlinIOSTests/Pods-KotlinIOSTests.debug.xcconfig"; sourceTree = "<group>"; };
		CA7F12352A6621CE43B20F98 /* Pods_KotlinIOSTests.framework */ = {isa = PBXFileReference; explicitFileType = wrapper.framework; includeInIndex = 0; path = Pods_KotlinIOSTests.framework; sourceTree = BUILT_PRODUCTS_DIR; };
		CE6529559C6F03D38D81D03D /* Pods-KotlinIOS.release.xcconfig */ = {isa = PBXFileReference; includeInIndex = 1; lastKnownFileType = text.xcconfig; name = "Pods-KotlinIOS.release.xcconfig"; path = "Pods/Target Support Files/Pods-KotlinIOS/Pods-KotlinIOS.release.xcconfig"; sourceTree = "<group>"; };
		DBEAEC7A7456178C26DA08A1 /* Pods-KotlinIOSUITests.release.xcconfig */ = {isa = PBXFileReference; includeInIndex = 1; lastKnownFileType = text.xcconfig; name = "Pods-KotlinIOSUITests.release.xcconfig"; path = "Pods/Target Support Files/Pods-KotlinIOSUITests/Pods-KotlinIOSUITests.release.xcconfig"; sourceTree = "<group>"; };
		E59F0B96699BC2AF0A449132 /* Pods-KotlinIOSUITests.debug.xcconfig */ = {isa = PBXFileReference; includeInIndex = 1; lastKnownFileType = text.xcconfig; name = "Pods-KotlinIOSUITests.debug.xcconfig"; path = "Pods/Target Support Files/Pods-KotlinIOSUITests/Pods-KotlinIOSUITests.debug.xcconfig"; sourceTree = "<group>"; };
		E989411AE0B149B5B01AFEE5 /* Pods_KotlinIOS.framework */ = {isa = PBXFileReference; explicitFileType = wrapper.framework; includeInIndex = 0; path = Pods_KotlinIOS.framework; sourceTree = BUILT_PRODUCTS_DIR; };
		EA5BEA999689C14F12E18BFD /* Pods_KotlinIOSUITests.framework */ = {isa = PBXFileReference; explicitFileType = wrapper.framework; includeInIndex = 0; path = Pods_KotlinIOSUITests.framework; sourceTree = BUILT_PRODUCTS_DIR; };
		EF6E51F4231985DE002508B5 /* BookVC.swift */ = {isa = PBXFileReference; lastKnownFileType = sourcecode.swift; path = BookVC.swift; sourceTree = "<group>"; };
		EFB1509A2315B647004DEF28 /* ShowTableViewController.swift */ = {isa = PBXFileReference; fileEncoding = 4; lastKnownFileType = sourcecode.swift; path = ShowTableViewController.swift; sourceTree = "<group>"; };
		EFB1509D2315B992004DEF28 /* SharedCode.framework */ = {isa = PBXFileReference; lastKnownFileType = wrapper.framework; name = SharedCode.framework; path = ../../SharedCode/build/cocoapods/framework/SharedCode.framework; sourceTree = "<group>"; };
		EFB1509F2316AC03004DEF28 /* EpisodeViewController.swift */ = {isa = PBXFileReference; lastKnownFileType = sourcecode.swift; path = EpisodeViewController.swift; sourceTree = "<group>"; };
		EFB150A1231709C4004DEF28 /* MusicGameVC.swift */ = {isa = PBXFileReference; lastKnownFileType = sourcecode.swift; path = MusicGameVC.swift; sourceTree = "<group>"; };
/* End PBXFileReference section */

/* Begin PBXFrameworksBuildPhase section */
		47729DFF22F447C800B9B36B /* Frameworks */ = {
			isa = PBXFrameworksBuildPhase;
			buildActionMask = 2147483647;
			files = (
				FABCD937F39FB1B8D7F54EE2 /* Pods_KotlinIOS.framework in Frameworks */,
			);
			runOnlyForDeploymentPostprocessing = 0;
		};
		47729E1322F447CA00B9B36B /* Frameworks */ = {
			isa = PBXFrameworksBuildPhase;
			buildActionMask = 2147483647;
			files = (
				98F404966D1DF383EA2C2CCF /* Pods_KotlinIOSTests.framework in Frameworks */,
			);
			runOnlyForDeploymentPostprocessing = 0;
		};
		47729E1E22F447CA00B9B36B /* Frameworks */ = {
			isa = PBXFrameworksBuildPhase;
			buildActionMask = 2147483647;
			files = (
				E782DB3231C9C38F30CDFD6C /* Pods_KotlinIOSUITests.framework in Frameworks */,
			);
			runOnlyForDeploymentPostprocessing = 0;
		};
/* End PBXFrameworksBuildPhase section */

/* Begin PBXGroup section */
		2473FCC62C35BD8A6199B48F /* Frameworks */ = {
			isa = PBXGroup;
			children = (
				E989411AE0B149B5B01AFEE5 /* Pods_KotlinIOS.framework */,
				CA7F12352A6621CE43B20F98 /* Pods_KotlinIOSTests.framework */,
				EA5BEA999689C14F12E18BFD /* Pods_KotlinIOSUITests.framework */,
			);
			name = Frameworks;
			sourceTree = "<group>";
		};
		47729DF922F447C800B9B36B = {
			isa = PBXGroup;
			children = (
				47729E6D22F4806B00B9B36B /* SharedCode.framework */,
				EFB1509D2315B992004DEF28 /* SharedCode.framework */,
				47729E0422F447C800B9B36B /* KotlinIOS */,
				47729E1922F447CA00B9B36B /* KotlinIOSTests */,
				47729E2422F447CA00B9B36B /* KotlinIOSUITests */,
				47729E0322F447C800B9B36B /* Products */,
				B11C8F227E122F8134D442DD /* Pods */,
				2473FCC62C35BD8A6199B48F /* Frameworks */,
			);
			sourceTree = "<group>";
		};
		47729E0322F447C800B9B36B /* Products */ = {
			isa = PBXGroup;
			children = (
				47729E0222F447C800B9B36B /* KotlinIOS.app */,
				47729E1622F447CA00B9B36B /* KotlinIOSTests.xctest */,
				47729E2122F447CA00B9B36B /* KotlinIOSUITests.xctest */,
			);
			name = Products;
			sourceTree = "<group>";
		};
		47729E0422F447C800B9B36B /* KotlinIOS */ = {
			isa = PBXGroup;
			children = (
				47729E0522F447C800B9B36B /* AppDelegate.swift */,
				47729E0722F447C800B9B36B /* ViewController.swift */,
				EFB1509A2315B647004DEF28 /* ShowTableViewController.swift */,
				EFB1509F2316AC03004DEF28 /* EpisodeViewController.swift */,
				EF6E51F4231985DE002508B5 /* BookVC.swift */,
				EFB150A1231709C4004DEF28 /* MusicGameVC.swift */,
				47729E0922F447C800B9B36B /* Main.storyboard */,
				47729E0C22F447CA00B9B36B /* Assets.xcassets */,
				47729E0E22F447CA00B9B36B /* LaunchScreen.storyboard */,
				47729E1122F447CA00B9B36B /* Info.plist */,
				60B16E6AE96BB3AC10167EFB /* c_interop */,
				60B16F50DAA558CEBCBE2700 /* Loged.swift */,
			);
			path = KotlinIOS;
			sourceTree = "<group>";
		};
		47729E1922F447CA00B9B36B /* KotlinIOSTests */ = {
			isa = PBXGroup;
			children = (
				47729E1A22F447CA00B9B36B /* KotlinIOSTests.swift */,
				47729E1C22F447CA00B9B36B /* Info.plist */,
			);
			path = KotlinIOSTests;
			sourceTree = "<group>";
		};
		47729E2422F447CA00B9B36B /* KotlinIOSUITests */ = {
			isa = PBXGroup;
			children = (
				47729E2522F447CA00B9B36B /* KotlinIOSUITests.swift */,
				47729E2722F447CA00B9B36B /* Info.plist */,
			);
			path = KotlinIOSUITests;
			sourceTree = "<group>";
		};
		60B16E6AE96BB3AC10167EFB /* c_interop */ = {
			isa = PBXGroup;
			children = (
				60B169B10571AB0099CB99D9 /* afnetworking.def */,
			);
			path = c_interop;
			sourceTree = "<group>";
		};
		B11C8F227E122F8134D442DD /* Pods */ = {
			isa = PBXGroup;
			children = (
				5576E17C8F946CA4EF7EB8F4 /* Pods-KotlinIOS.debug.xcconfig */,
				CE6529559C6F03D38D81D03D /* Pods-KotlinIOS.release.xcconfig */,
				61B62B0BE98410D9635F8B1D /* Pods-KotlinIOSTests.debug.xcconfig */,
				1B30FB163235CEFE3E2F1121 /* Pods-KotlinIOSTests.release.xcconfig */,
				E59F0B96699BC2AF0A449132 /* Pods-KotlinIOSUITests.debug.xcconfig */,
				DBEAEC7A7456178C26DA08A1 /* Pods-KotlinIOSUITests.release.xcconfig */,
			);
			name = Pods;
			sourceTree = "<group>";
		};
/* End PBXGroup section */

/* Begin PBXNativeTarget section */
		47729E0122F447C800B9B36B /* KotlinIOS */ = {
			isa = PBXNativeTarget;
			buildConfigurationList = 47729E2A22F447CA00B9B36B /* Build configuration list for PBXNativeTarget "KotlinIOS" */;
			buildPhases = (
				2ED906EDE7107842E58DB490 /* [CP] Check Pods Manifest.lock */,
				47729E7122F480EB00B9B36B /* ShellScript */,
				47729DFE22F447C800B9B36B /* Sources */,
				47729DFF22F447C800B9B36B /* Frameworks */,
				47729E0022F447C800B9B36B /* Resources */,
				47729E7022F4806C00B9B36B /* Embed Frameworks */,
				8EBF5822822330A8894B3804 /* [CP] Embed Pods Frameworks */,
			);
			buildRules = (
			);
			dependencies = (
			);
			name = KotlinIOS;
			productName = KotlinIOS;
			productReference = 47729E0222F447C800B9B36B /* KotlinIOS.app */;
			productType = "com.apple.product-type.application";
		};
		47729E1522F447CA00B9B36B /* KotlinIOSTests */ = {
			isa = PBXNativeTarget;
			buildConfigurationList = 47729E2D22F447CA00B9B36B /* Build configuration list for PBXNativeTarget "KotlinIOSTests" */;
			buildPhases = (
				1DB75886D976115B98506B96 /* [CP] Check Pods Manifest.lock */,
				47729E1222F447CA00B9B36B /* Sources */,
				47729E1322F447CA00B9B36B /* Frameworks */,
				47729E1422F447CA00B9B36B /* Resources */,
			);
			buildRules = (
			);
			dependencies = (
				47729E1822F447CA00B9B36B /* PBXTargetDependency */,
			);
			name = KotlinIOSTests;
			productName = KotlinIOSTests;
			productReference = 47729E1622F447CA00B9B36B /* KotlinIOSTests.xctest */;
			productType = "com.apple.product-type.bundle.unit-test";
		};
		47729E2022F447CA00B9B36B /* KotlinIOSUITests */ = {
			isa = PBXNativeTarget;
			buildConfigurationList = 47729E3022F447CA00B9B36B /* Build configuration list for PBXNativeTarget "KotlinIOSUITests" */;
			buildPhases = (
				3210B16F126DCFA926465094 /* [CP] Check Pods Manifest.lock */,
				47729E1D22F447CA00B9B36B /* Sources */,
				47729E1E22F447CA00B9B36B /* Frameworks */,
				47729E1F22F447CA00B9B36B /* Resources */,
			);
			buildRules = (
			);
			dependencies = (
				47729E2322F447CA00B9B36B /* PBXTargetDependency */,
			);
			name = KotlinIOSUITests;
			productName = KotlinIOSUITests;
			productReference = 47729E2122F447CA00B9B36B /* KotlinIOSUITests.xctest */;
			productType = "com.apple.product-type.bundle.ui-testing";
		};
/* End PBXNativeTarget section */

/* Begin PBXProject section */
		47729DFA22F447C800B9B36B /* Project object */ = {
			isa = PBXProject;
			attributes = {
				LastSwiftUpdateCheck = 1030;
				LastUpgradeCheck = 1030;
				ORGANIZATIONNAME = "Evgeny Petrenko";
				TargetAttributes = {
					47729E0122F447C800B9B36B = {
						CreatedOnToolsVersion = 10.3;
					};
					47729E1522F447CA00B9B36B = {
						CreatedOnToolsVersion = 10.3;
						TestTargetID = 47729E0122F447C800B9B36B;
					};
					47729E2022F447CA00B9B36B = {
						CreatedOnToolsVersion = 10.3;
						TestTargetID = 47729E0122F447C800B9B36B;
					};
				};
			};
			buildConfigurationList = 47729DFD22F447C800B9B36B /* Build configuration list for PBXProject "KotlinIOS" */;
			compatibilityVersion = "Xcode 9.3";
			developmentRegion = en;
			hasScannedForEncodings = 0;
			knownRegions = (
				en,
				Base,
			);
			mainGroup = 47729DF922F447C800B9B36B;
			productRefGroup = 47729E0322F447C800B9B36B /* Products */;
			projectDirPath = "";
			projectRoot = "";
			targets = (
				47729E0122F447C800B9B36B /* KotlinIOS */,
				47729E1522F447CA00B9B36B /* KotlinIOSTests */,
				47729E2022F447CA00B9B36B /* KotlinIOSUITests */,
			);
		};
/* End PBXProject section */

/* Begin PBXResourcesBuildPhase section */
		47729E0022F447C800B9B36B /* Resources */ = {
			isa = PBXResourcesBuildPhase;
			buildActionMask = 2147483647;
			files = (
				47729E1022F447CA00B9B36B /* LaunchScreen.storyboard in Resources */,
				47729E0D22F447CA00B9B36B /* Assets.xcassets in Resources */,
				47729E0B22F447C800B9B36B /* Main.storyboard in Resources */,
				60B16CFD1821E46D13681E17 /* afnetworking.def in Resources */,
			);
			runOnlyForDeploymentPostprocessing = 0;
		};
		47729E1422F447CA00B9B36B /* Resources */ = {
			isa = PBXResourcesBuildPhase;
			buildActionMask = 2147483647;
			files = (
			);
			runOnlyForDeploymentPostprocessing = 0;
		};
		47729E1F22F447CA00B9B36B /* Resources */ = {
			isa = PBXResourcesBuildPhase;
			buildActionMask = 2147483647;
			files = (
			);
			runOnlyForDeploymentPostprocessing = 0;
		};
/* End PBXResourcesBuildPhase section */

/* Begin PBXShellScriptBuildPhase section */
		1DB75886D976115B98506B96 /* [CP] Check Pods Manifest.lock */ = {
			isa = PBXShellScriptBuildPhase;
			buildActionMask = 2147483647;
			files = (
			);
			inputPaths = (
				"${PODS_PODFILE_DIR_PATH}/Podfile.lock",
				"${PODS_ROOT}/Manifest.lock",
			);
			name = "[CP] Check Pods Manifest.lock";
			outputPaths = (
				"$(DERIVED_FILE_DIR)/Pods-KotlinIOSTests-checkManifestLockResult.txt",
			);
			runOnlyForDeploymentPostprocessing = 0;
			shellPath = /bin/sh;
			shellScript = "diff \"${PODS_PODFILE_DIR_PATH}/Podfile.lock\" \"${PODS_ROOT}/Manifest.lock\" > /dev/null\nif [ $? != 0 ] ; then\n    # print error to STDERR\n    echo \"error: The sandbox is not in sync with the Podfile.lock. Run 'pod install' or update your CocoaPods installation.\" >&2\n    exit 1\nfi\n# This output is used by Xcode 'outputs' to avoid re-running this script phase.\necho \"SUCCESS\" > \"${SCRIPT_OUTPUT_FILE_0}\"\n";
			showEnvVarsInLog = 0;
		};
		2ED906EDE7107842E58DB490 /* [CP] Check Pods Manifest.lock */ = {
			isa = PBXShellScriptBuildPhase;
			buildActionMask = 2147483647;
			files = (
			);
			inputPaths = (
				"${PODS_PODFILE_DIR_PATH}/Podfile.lock",
				"${PODS_ROOT}/Manifest.lock",
			);
			name = "[CP] Check Pods Manifest.lock";
			outputPaths = (
				"$(DERIVED_FILE_DIR)/Pods-KotlinIOS-checkManifestLockResult.txt",
			);
			runOnlyForDeploymentPostprocessing = 0;
			shellPath = /bin/sh;
			shellScript = "diff \"${PODS_PODFILE_DIR_PATH}/Podfile.lock\" \"${PODS_ROOT}/Manifest.lock\" > /dev/null\nif [ $? != 0 ] ; then\n    # print error to STDERR\n    echo \"error: The sandbox is not in sync with the Podfile.lock. Run 'pod install' or update your CocoaPods installation.\" >&2\n    exit 1\nfi\n# This output is used by Xcode 'outputs' to avoid re-running this script phase.\necho \"SUCCESS\" > \"${SCRIPT_OUTPUT_FILE_0}\"\n";
			showEnvVarsInLog = 0;
		};
		3210B16F126DCFA926465094 /* [CP] Check Pods Manifest.lock */ = {
			isa = PBXShellScriptBuildPhase;
			buildActionMask = 2147483647;
			files = (
			);
			inputPaths = (
				"${PODS_PODFILE_DIR_PATH}/Podfile.lock",
				"${PODS_ROOT}/Manifest.lock",
			);
			name = "[CP] Check Pods Manifest.lock";
			outputPaths = (
				"$(DERIVED_FILE_DIR)/Pods-KotlinIOSUITests-checkManifestLockResult.txt",
			);
			runOnlyForDeploymentPostprocessing = 0;
			shellPath = /bin/sh;
			shellScript = "diff \"${PODS_PODFILE_DIR_PATH}/Podfile.lock\" \"${PODS_ROOT}/Manifest.lock\" > /dev/null\nif [ $? != 0 ] ; then\n    # print error to STDERR\n    echo \"error: The sandbox is not in sync with the Podfile.lock. Run 'pod install' or update your CocoaPods installation.\" >&2\n    exit 1\nfi\n# This output is used by Xcode 'outputs' to avoid re-running this script phase.\necho \"SUCCESS\" > \"${SCRIPT_OUTPUT_FILE_0}\"\n";
			showEnvVarsInLog = 0;
		};
		47729E7122F480EB00B9B36B /* ShellScript */ = {
			isa = PBXShellScriptBuildPhase;
			buildActionMask = 2147483647;
			files = (
			);
			inputPaths = (
			);
			outputPaths = (
			);
			runOnlyForDeploymentPostprocessing = 0;
			shellPath = /bin/sh;
			shellScript = "# Type a script or drag a script file from your workspace to insert its path.\n\n#\"$SRCROOT/../../gradlew\" -p \"$SRCROOT/../../SharedCode\" copyFramework \\\n#-Pconfigureation.build.dir=\"$CONFIGURATION_BUILD_DIR\" \\\n#-Pkotlin.build.type=\"$KOTLIN_BUILD_TYPE\" \\\n#-Pkotlin.target=\"$KOTLIN_TARGET\"\n\n#cd \"$SRCROOT/../../SharedCode/build/xcode-frameworks\"\n#./gradlew :SharedCode:packForXCode -PXCODE_CONFIGURATION=${CONFIGURATION}\n";
		};
		8EBF5822822330A8894B3804 /* [CP] Embed Pods Frameworks */ = {
			isa = PBXShellScriptBuildPhase;
			buildActionMask = 2147483647;
			files = (
			);
			inputFileListPaths = (
				"${PODS_ROOT}/Target Support Files/Pods-KotlinIOS/Pods-KotlinIOS-frameworks-${CONFIGURATION}-input-files.xcfilelist",
			);
			name = "[CP] Embed Pods Frameworks";
			outputFileListPaths = (
				"${PODS_ROOT}/Target Support Files/Pods-KotlinIOS/Pods-KotlinIOS-frameworks-${CONFIGURATION}-output-files.xcfilelist",
			);
			runOnlyForDeploymentPostprocessing = 0;
			shellPath = /bin/sh;
			shellScript = "\"${PODS_ROOT}/Target Support Files/Pods-KotlinIOS/Pods-KotlinIOS-frameworks.sh\"\n";
			showEnvVarsInLog = 0;
		};
/* End PBXShellScriptBuildPhase section */

/* Begin PBXSourcesBuildPhase section */
		47729DFE22F447C800B9B36B /* Sources */ = {
			isa = PBXSourcesBuildPhase;
			buildActionMask = 2147483647;
			files = (
				EFB1509B2315B647004DEF28 /* ShowTableViewController.swift in Sources */,
				47729E0822F447C800B9B36B /* ViewController.swift in Sources */,
				EFB150A2231709C4004DEF28 /* MusicGameVC.swift in Sources */,
				47729E0622F447C800B9B36B /* AppDelegate.swift in Sources */,
				60B16DE91C2206077C516458 /* Loged.swift in Sources */,
				EFB150A02316AC03004DEF28 /* EpisodeViewController.swift in Sources */,
				EF6E51F5231985DE002508B5 /* BookVC.swift in Sources */,
			);
			runOnlyForDeploymentPostprocessing = 0;
		};
		47729E1222F447CA00B9B36B /* Sources */ = {
			isa = PBXSourcesBuildPhase;
			buildActionMask = 2147483647;
			files = (
				47729E1B22F447CA00B9B36B /* KotlinIOSTests.swift in Sources */,
			);
			runOnlyForDeploymentPostprocessing = 0;
		};
		47729E1D22F447CA00B9B36B /* Sources */ = {
			isa = PBXSourcesBuildPhase;
			buildActionMask = 2147483647;
			files = (
				47729E2622F447CA00B9B36B /* KotlinIOSUITests.swift in Sources */,
			);
			runOnlyForDeploymentPostprocessing = 0;
		};
/* End PBXSourcesBuildPhase section */

/* Begin PBXTargetDependency section */
		47729E1822F447CA00B9B36B /* PBXTargetDependency */ = {
			isa = PBXTargetDependency;
			target = 47729E0122F447C800B9B36B /* KotlinIOS */;
			targetProxy = 47729E1722F447CA00B9B36B /* PBXContainerItemProxy */;
		};
		47729E2322F447CA00B9B36B /* PBXTargetDependency */ = {
			isa = PBXTargetDependency;
			target = 47729E0122F447C800B9B36B /* KotlinIOS */;
			targetProxy = 47729E2222F447CA00B9B36B /* PBXContainerItemProxy */;
		};
/* End PBXTargetDependency section */

/* Begin PBXVariantGroup section */
		47729E0922F447C800B9B36B /* Main.storyboard */ = {
			isa = PBXVariantGroup;
			children = (
				47729E0A22F447C800B9B36B /* Base */,
			);
			name = Main.storyboard;
			sourceTree = "<group>";
		};
		47729E0E22F447CA00B9B36B /* LaunchScreen.storyboard */ = {
			isa = PBXVariantGroup;
			children = (
				47729E0F22F447CA00B9B36B /* Base */,
			);
			name = LaunchScreen.storyboard;
			sourceTree = "<group>";
		};
/* End PBXVariantGroup section */

/* Begin XCBuildConfiguration section */
		47729E2822F447CA00B9B36B /* Debug */ = {
			isa = XCBuildConfiguration;
			buildSettings = {
				ALWAYS_SEARCH_USER_PATHS = NO;
				CLANG_ANALYZER_NONNULL = YES;
				CLANG_ANALYZER_NUMBER_OBJECT_CONVERSION = YES_AGGRESSIVE;
				CLANG_CXX_LANGUAGE_STANDARD = "gnu++14";
				CLANG_CXX_LIBRARY = "libc++";
				CLANG_ENABLE_MODULES = YES;
				CLANG_ENABLE_OBJC_ARC = YES;
				CLANG_ENABLE_OBJC_WEAK = YES;
				CLANG_WARN_BLOCK_CAPTURE_AUTORELEASING = YES;
				CLANG_WARN_BOOL_CONVERSION = YES;
				CLANG_WARN_COMMA = YES;
				CLANG_WARN_CONSTANT_CONVERSION = YES;
				CLANG_WARN_DEPRECATED_OBJC_IMPLEMENTATIONS = YES;
				CLANG_WARN_DIRECT_OBJC_ISA_USAGE = YES_ERROR;
				CLANG_WARN_DOCUMENTATION_COMMENTS = YES;
				CLANG_WARN_EMPTY_BODY = YES;
				CLANG_WARN_ENUM_CONVERSION = YES;
				CLANG_WARN_INFINITE_RECURSION = YES;
				CLANG_WARN_INT_CONVERSION = YES;
				CLANG_WARN_NON_LITERAL_NULL_CONVERSION = YES;
				CLANG_WARN_OBJC_IMPLICIT_RETAIN_SELF = YES;
				CLANG_WARN_OBJC_LITERAL_CONVERSION = YES;
				CLANG_WARN_OBJC_ROOT_CLASS = YES_ERROR;
				CLANG_WARN_RANGE_LOOP_ANALYSIS = YES;
				CLANG_WARN_STRICT_PROTOTYPES = YES;
				CLANG_WARN_SUSPICIOUS_MOVE = YES;
				CLANG_WARN_UNGUARDED_AVAILABILITY = YES_AGGRESSIVE;
				CLANG_WARN_UNREACHABLE_CODE = YES;
				CLANG_WARN__DUPLICATE_METHOD_MATCH = YES;
				CODE_SIGN_IDENTITY = "iPhone Developer";
				COPY_PHASE_STRIP = NO;
				DEBUG_INFORMATION_FORMAT = dwarf;
				ENABLE_STRICT_OBJC_MSGSEND = YES;
				ENABLE_TESTABILITY = YES;
				GCC_C_LANGUAGE_STANDARD = gnu11;
				GCC_DYNAMIC_NO_PIC = NO;
				GCC_NO_COMMON_BLOCKS = YES;
				GCC_OPTIMIZATION_LEVEL = 0;
				GCC_PREPROCESSOR_DEFINITIONS = (
					"DEBUG=1",
					"$(inherited)",
				);
				GCC_WARN_64_TO_32_BIT_CONVERSION = YES;
				GCC_WARN_ABOUT_RETURN_TYPE = YES_ERROR;
				GCC_WARN_UNDECLARED_SELECTOR = YES;
				GCC_WARN_UNINITIALIZED_AUTOS = YES_AGGRESSIVE;
				GCC_WARN_UNUSED_FUNCTION = YES;
				GCC_WARN_UNUSED_VARIABLE = YES;
				IPHONEOS_DEPLOYMENT_TARGET = 12.4;
				MTL_ENABLE_DEBUG_INFO = INCLUDE_SOURCE;
				MTL_FAST_MATH = YES;
				ONLY_ACTIVE_ARCH = YES;
				SDKROOT = iphoneos;
				SWIFT_ACTIVE_COMPILATION_CONDITIONS = DEBUG;
				SWIFT_OPTIMIZATION_LEVEL = "-Onone";
			};
			name = Debug;
		};
		47729E2922F447CA00B9B36B /* Release */ = {
			isa = XCBuildConfiguration;
			buildSettings = {
				ALWAYS_SEARCH_USER_PATHS = NO;
				CLANG_ANALYZER_NONNULL = YES;
				CLANG_ANALYZER_NUMBER_OBJECT_CONVERSION = YES_AGGRESSIVE;
				CLANG_CXX_LANGUAGE_STANDARD = "gnu++14";
				CLANG_CXX_LIBRARY = "libc++";
				CLANG_ENABLE_MODULES = YES;
				CLANG_ENABLE_OBJC_ARC = YES;
				CLANG_ENABLE_OBJC_WEAK = YES;
				CLANG_WARN_BLOCK_CAPTURE_AUTORELEASING = YES;
				CLANG_WARN_BOOL_CONVERSION = YES;
				CLANG_WARN_COMMA = YES;
				CLANG_WARN_CONSTANT_CONVERSION = YES;
				CLANG_WARN_DEPRECATED_OBJC_IMPLEMENTATIONS = YES;
				CLANG_WARN_DIRECT_OBJC_ISA_USAGE = YES_ERROR;
				CLANG_WARN_DOCUMENTATION_COMMENTS = YES;
				CLANG_WARN_EMPTY_BODY = YES;
				CLANG_WARN_ENUM_CONVERSION = YES;
				CLANG_WARN_INFINITE_RECURSION = YES;
				CLANG_WARN_INT_CONVERSION = YES;
				CLANG_WARN_NON_LITERAL_NULL_CONVERSION = YES;
				CLANG_WARN_OBJC_IMPLICIT_RETAIN_SELF = YES;
				CLANG_WARN_OBJC_LITERAL_CONVERSION = YES;
				CLANG_WARN_OBJC_ROOT_CLASS = YES_ERROR;
				CLANG_WARN_RANGE_LOOP_ANALYSIS = YES;
				CLANG_WARN_STRICT_PROTOTYPES = YES;
				CLANG_WARN_SUSPICIOUS_MOVE = YES;
				CLANG_WARN_UNGUARDED_AVAILABILITY = YES_AGGRESSIVE;
				CLANG_WARN_UNREACHABLE_CODE = YES;
				CLANG_WARN__DUPLICATE_METHOD_MATCH = YES;
				CODE_SIGN_IDENTITY = "iPhone Developer";
				COPY_PHASE_STRIP = NO;
				DEBUG_INFORMATION_FORMAT = "dwarf-with-dsym";
				ENABLE_NS_ASSERTIONS = NO;
				ENABLE_STRICT_OBJC_MSGSEND = YES;
				GCC_C_LANGUAGE_STANDARD = gnu11;
				GCC_NO_COMMON_BLOCKS = YES;
				GCC_WARN_64_TO_32_BIT_CONVERSION = YES;
				GCC_WARN_ABOUT_RETURN_TYPE = YES_ERROR;
				GCC_WARN_UNDECLARED_SELECTOR = YES;
				GCC_WARN_UNINITIALIZED_AUTOS = YES_AGGRESSIVE;
				GCC_WARN_UNUSED_FUNCTION = YES;
				GCC_WARN_UNUSED_VARIABLE = YES;
				IPHONEOS_DEPLOYMENT_TARGET = 12.4;
				MTL_ENABLE_DEBUG_INFO = NO;
				MTL_FAST_MATH = YES;
				SDKROOT = iphoneos;
				SWIFT_COMPILATION_MODE = wholemodule;
				SWIFT_OPTIMIZATION_LEVEL = "-O";
				VALIDATE_PRODUCT = YES;
			};
			name = Release;
		};
		47729E2B22F447CA00B9B36B /* Debug */ = {
			isa = XCBuildConfiguration;
			baseConfigurationReference = 5576E17C8F946CA4EF7EB8F4 /* Pods-KotlinIOS.debug.xcconfig */;
			buildSettings = {
				ASSETCATALOG_COMPILER_APPICON_NAME = AppIcon;
				CODE_SIGN_STYLE = Automatic;
				DEVELOPMENT_TEAM = 523ZXBYE85;
				ENABLE_BITCODE = YES;
				FRAMEWORK_SEARCH_PATHS = (
					"${inherited}",
					"\"${PODS_CONFIGURATION_BUILD_DIR}/HTMLKit\"",
					"\"${PODS_ROOT}/../../SharedCode/build/cocoapods/framework\"",
				);
				HEADER_SEARCH_PATHS = (
					"$(inherited)",
					"\"${PODS_CONFIGURATION_BUILD_DIR}/HTMLKit/HTMLKit.framework/Headers\"",
					"\"${PODS_ROOT}/../../SharedCode/build/cocoapods/framework\"",
				);
				INFOPLIST_FILE = KotlinIOS/Info.plist;
				LD_RUNPATH_SEARCH_PATHS = (
					"$(inherited)",
					"@executable_path/Frameworks",
				);
				PRODUCT_BUNDLE_IDENTIFIER = com.programmerbox.KotlinIOS;
				PRODUCT_NAME = "$(TARGET_NAME)";
				SWIFT_VERSION = 5.0;
				TARGETED_DEVICE_FAMILY = "1,2";
			};
			name = Debug;
		};
		47729E2C22F447CA00B9B36B /* Release */ = {
			isa = XCBuildConfiguration;
			baseConfigurationReference = CE6529559C6F03D38D81D03D /* Pods-KotlinIOS.release.xcconfig */;
			buildSettings = {
				ASSETCATALOG_COMPILER_APPICON_NAME = AppIcon;
				CODE_SIGN_STYLE = Automatic;
				DEVELOPMENT_TEAM = 523ZXBYE85;
				ENABLE_BITCODE = YES;
				FRAMEWORK_SEARCH_PATHS = (
					"${inherited}",
					"\"${PODS_CONFIGURATION_BUILD_DIR}/HTMLKit\"",
					"\"${PODS_ROOT}/../../SharedCode/build/cocoapods/framework\"",
				);
				HEADER_SEARCH_PATHS = (
					"$(inherited)",
					"\"${PODS_CONFIGURATION_BUILD_DIR}/HTMLKit/HTMLKit.framework/Headers\"",
					"\"${PODS_ROOT}/../../SharedCode/build/cocoapods/framework\"",
				);
				INFOPLIST_FILE = KotlinIOS/Info.plist;
				LD_RUNPATH_SEARCH_PATHS = (
					"$(inherited)",
					"@executable_path/Frameworks",
				);
				PRODUCT_BUNDLE_IDENTIFIER = com.programmerbox.KotlinIOS;
				PRODUCT_NAME = "$(TARGET_NAME)";
				SWIFT_VERSION = 5.0;
				TARGETED_DEVICE_FAMILY = "1,2";
			};
			name = Release;
		};
		47729E2E22F447CA00B9B36B /* Debug */ = {
			isa = XCBuildConfiguration;
			baseConfigurationReference = 61B62B0BE98410D9635F8B1D /* Pods-KotlinIOSTests.debug.xcconfig */;
			buildSettings = {
				ALWAYS_EMBED_SWIFT_STANDARD_LIBRARIES = YES;
				BUNDLE_LOADER = "$(TEST_HOST)";
				CODE_SIGN_STYLE = Automatic;
				INFOPLIST_FILE = KotlinIOSTests/Info.plist;
				LD_RUNPATH_SEARCH_PATHS = (
					"$(inherited)",
					"@executable_path/Frameworks",
					"@loader_path/Frameworks",
				);
				PRODUCT_BUNDLE_IDENTIFIER = com.jetbrains.handson.mpp.mobile.KotlinIOSTests;
				PRODUCT_NAME = "$(TARGET_NAME)";
				SWIFT_VERSION = 5.0;
				TARGETED_DEVICE_FAMILY = "1,2";
				TEST_HOST = "$(BUILT_PRODUCTS_DIR)/KotlinIOS.app/KotlinIOS";
			};
			name = Debug;
		};
		47729E2F22F447CA00B9B36B /* Release */ = {
			isa = XCBuildConfiguration;
			baseConfigurationReference = 1B30FB163235CEFE3E2F1121 /* Pods-KotlinIOSTests.release.xcconfig */;
			buildSettings = {
				ALWAYS_EMBED_SWIFT_STANDARD_LIBRARIES = YES;
				BUNDLE_LOADER = "$(TEST_HOST)";
				CODE_SIGN_STYLE = Automatic;
				INFOPLIST_FILE = KotlinIOSTests/Info.plist;
				LD_RUNPATH_SEARCH_PATHS = (
					"$(inherited)",
					"@executable_path/Frameworks",
					"@loader_path/Frameworks",
				);
				PRODUCT_BUNDLE_IDENTIFIER = com.jetbrains.handson.mpp.mobile.KotlinIOSTests;
				PRODUCT_NAME = "$(TARGET_NAME)";
				SWIFT_VERSION = 5.0;
				TARGETED_DEVICE_FAMILY = "1,2";
				TEST_HOST = "$(BUILT_PRODUCTS_DIR)/KotlinIOS.app/KotlinIOS";
			};
			name = Release;
		};
		47729E3122F447CA00B9B36B /* Debug */ = {
			isa = XCBuildConfiguration;
			baseConfigurationReference = E59F0B96699BC2AF0A449132 /* Pods-KotlinIOSUITests.debug.xcconfig */;
			buildSettings = {
				ALWAYS_EMBED_SWIFT_STANDARD_LIBRARIES = YES;
				CODE_SIGN_STYLE = Automatic;
				INFOPLIST_FILE = KotlinIOSUITests/Info.plist;
				LD_RUNPATH_SEARCH_PATHS = (
					"$(inherited)",
					"@executable_path/Frameworks",
					"@loader_path/Frameworks",
				);
				PRODUCT_BUNDLE_IDENTIFIER = com.jetbrains.handson.mpp.mobile.KotlinIOSUITests;
				PRODUCT_NAME = "$(TARGET_NAME)";
				SWIFT_VERSION = 5.0;
				TARGETED_DEVICE_FAMILY = "1,2";
				TEST_TARGET_NAME = KotlinIOS;
			};
			name = Debug;
		};
		47729E3222F447CA00B9B36B /* Release */ = {
			isa = XCBuildConfiguration;
			baseConfigurationReference = DBEAEC7A7456178C26DA08A1 /* Pods-KotlinIOSUITests.release.xcconfig */;
			buildSettings = {
				ALWAYS_EMBED_SWIFT_STANDARD_LIBRARIES = YES;
				CODE_SIGN_STYLE = Automatic;
				INFOPLIST_FILE = KotlinIOSUITests/Info.plist;
				LD_RUNPATH_SEARCH_PATHS = (
					"$(inherited)",
					"@executable_path/Frameworks",
					"@loader_path/Frameworks",
				);
				PRODUCT_BUNDLE_IDENTIFIER = com.jetbrains.handson.mpp.mobile.KotlinIOSUITests;
				PRODUCT_NAME = "$(TARGET_NAME)";
				SWIFT_VERSION = 5.0;
				TARGETED_DEVICE_FAMILY = "1,2";
				TEST_TARGET_NAME = KotlinIOS;
			};
			name = Release;
		};
/* End XCBuildConfiguration section */

/* Begin XCConfigurationList section */
		47729DFD22F447C800B9B36B /* Build configuration list for PBXProject "KotlinIOS" */ = {
			isa = XCConfigurationList;
			buildConfigurations = (
				47729E2822F447CA00B9B36B /* Debug */,
				47729E2922F447CA00B9B36B /* Release */,
			);
			defaultConfigurationIsVisible = 0;
			defaultConfigurationName = Release;
		};
		47729E2A22F447CA00B9B36B /* Build configuration list for PBXNativeTarget "KotlinIOS" */ = {
			isa = XCConfigurationList;
			buildConfigurations = (
				47729E2B22F447CA00B9B36B /* Debug */,
				47729E2C22F447CA00B9B36B /* Release */,
			);
			defaultConfigurationIsVisible = 0;
			defaultConfigurationName = Release;
		};
		47729E2D22F447CA00B9B36B /* Build configuration list for PBXNativeTarget "KotlinIOSTests" */ = {
			isa = XCConfigurationList;
			buildConfigurations = (
				47729E2E22F447CA00B9B36B /* Debug */,
				47729E2F22F447CA00B9B36B /* Release */,
			);
			defaultConfigurationIsVisible = 0;
			defaultConfigurationName = Release;
		};
		47729E3022F447CA00B9B36B /* Build configuration list for PBXNativeTarget "KotlinIOSUITests" */ = {
			isa = XCConfigurationList;
			buildConfigurations = (
				47729E3122F447CA00B9B36B /* Debug */,
				47729E3222F447CA00B9B36B /* Release */,
			);
			defaultConfigurationIsVisible = 0;
			defaultConfigurationName = Release;
		};
/* End XCConfigurationList section */
	};
	rootObject = 47729DFA22F447C800B9B36B /* Project object */;
}
